
Microsoft Visual Studio Solution File, Format Version 12.00
# Visual Studio Version 16
VisualStudioVersion = 16.0.30128.74
MinimumVisualStudioVersion = 10.0.40219.1
Project("{FAE04EC0-301F-11D3-BF4B-00C04F79EFBC}") = "IbgeService", "IbgeService.csproj", "{7E276CBC-A226-4107-B216-D6FBACC978FE}"
EndProject
Global
	GlobalSection(SolutionConfigurationPlatforms) = preSolution
		Debug|Any CPU = Debug|Any CPU
		Release|Any CPU = Release|Any CPU
	EndGlobalSection
	GlobalSection(ProjectConfigurationPlatforms) = postSolution
		{7E276CBC-A226-4107-B216-D6FBACC978FE}.Debug|Any CPU.ActiveCfg = Debug|Any CPU
		{7E276CBC-A226-4107-B216-D6FBACC978FE}.Debug|Any CPU.Build.0 = Debug|Any CPU
		{7E276CBC-A226-4107-B216-D6FBACC978FE}.Release|Any CPU.ActiveCfg = Release|Any CPU
		{7E276CBC-A226-4107-B216-D6FBACC978FE}.Release|Any CPU.Build.0 = Release|Any CPU
	EndGlobalSection
	GlobalSection(SolutionProperties) = preSolution
		HideSolutionNode = FALSE
	EndGlobalSection
	GlobalSection(ExtensibilityGlobals) = postSolution
		SolutionGuid = {7105C3F5-5524-4CA4-97B7-786BA90D6CF3}
	EndGlobalSection
EndGlobal
